lockfileVersion: '9.0'

settings:
  autoInstallPeers: true
  excludeLinksFromLockfile: false

importers:

  .:
    devDependencies:
      prettier:
        specifier: ^3.4.2
        version: 3.8.5
      prettier-plugin-tailwindcss:
        specifier: ^0.6.9
        version: 0.6.14(prettier@3.8.5)
      turbo:
        specifier: ^2.3.3
        version: 2.10.0

packages:

  '@turbo/darwin-64@2.10.0':
    resolution: {integrity: sha512-EwvHThXzpY0KGd1/NAmuewI5D+aVa3Rl/OlxE36yfjUKb/+ySrfJrSlEFt8aD1OXwnnaHnQnPKHFndor0Zxlsg==}
    cpu: [x64]
    os: [darwin]

  '@turbo/darwin-arm64@2.10.0':
    resolution: {integrity: sha512-9d2fTyyG0lf5Wq1bwJA9qUaeecViMkLcdctWaMMmCkxZ/JqypmqOwK3W6vmejeKVgkr06gSoiX8bD+xN5Jpxcg==}
    cpu: [arm64]
    os: [darwin]

  '@turbo/linux-64@2.10.0':
    resolution: {integrity: sha512-sZBtjMuufitanjzi6UssoUpJMnnPlLMcdcJj3m3ptNsSq31Xh7MnjhwA5nWvLDTfEFg8GPcbYFXMo8vSdKRfqQ==}
    cpu: [x64]
    os: [linux]

  '@turbo/linux-arm64@2.10.0':
    resolution: {integrity: sha512-vkq/Z8R+1DQ+kifWFa810IjRy2NNBVvha3cg9sWA3nFh6nnGrHSMnnJKrzH7c/No9kq4Jb55Ru44YKsCSBgrKg==}
    cpu: [arm64]
    os: [linux]

  '@turbo/windows-64@2.10.0':
    resolution: {integrity: sha512-CRUEguLWxFQHptYZS7HjPhNhAFawfea07iR+xAQ5e4klgLrPCMdexBkXwSCwOxqTFknJ7RZFN3gOaADsw+Gttg==}
    cpu: [x64]
    os: [win32]

  '@turbo/windows-arm64@2.10.0':
    resolution: {integrity: sha512-dVHGaf9F8twzgibcBqKoADT/LLqf9++jDb+hq/LPWWaOmRpp4M+/pVOm7vy4z9D++xg8eaxWLT0+wQxFwhYu9A==}
    cpu: [arm64]
    os: [win32]

  prettier-plugin-tailwindcss@0.6.14:
    resolution: {integrity: sha512-pi2e/+ZygeIqntN+vC573BcW5Cve8zUB0SSAGxqpB4f96boZF4M3phPVoOFCeypwkpRYdi7+jQ5YJJUwrkGUAg==}
    engines: {node: '>=14.21.3'}
    peerDependencies:
      '@ianvs/prettier-plugin-sort-imports': '*'
      '@prettier/plugin-hermes': '*'
      '@prettier/plugin-oxc': '*'
      '@prettier/plugin-pug': '*'
      '@shopify/prettier-plugin-liquid': '*'
      '@trivago/prettier-plugin-sort-imports': '*'
      '@zackad/prettier-plugin-twig': '*'
      prettier: ^3.0
      prettier-plugin-astro: '*'
      prettier-plugin-css-order: '*'
      prettier-plugin-import-sort: '*'
      prettier-plugin-jsdoc: '*'
      prettier-plugin-marko: '*'
      prettier-plugin-multiline-arrays: '*'
      prettier-plugin-organize-attributes: '*'
      prettier-plugin-organize-imports: '*'
      prettier-plugin-sort-imports: '*'
      prettier-plugin-style-order: '*'
      prettier-plugin-svelte: '*'
    peerDependenciesMeta:
      '@ianvs/prettier-plugin-sort-imports':
        optional: true
      '@prettier/plugin-hermes':
        optional: true
      '@prettier/plugin-oxc':
        optional: true
      '@prettier/plugin-pug':
        optional: true
      '@shopify/prettier-plugin-liquid':
        optional: true
      '@trivago/prettier-plugin-sort-imports':
        optional: true
      '@zackad/prettier-plugin-twig':
        optional: true
      prettier-plugin-astro:
        optional: true
      prettier-plugin-css-order:
        optional: true
      prettier-plugin-import-sort:
        optional: true
      prettier-plugin-jsdoc:
        optional: true
      prettier-plugin-marko:
        optional: true
      prettier-plugin-multiline-arrays:
        optional: true
      prettier-plugin-organize-attributes:
        optional: true
      prettier-plugin-organize-imports:
        optional: true
      prettier-plugin-sort-imports:
        optional: true
      prettier-plugin-style-order:
        optional: true
      prettier-plugin-svelte:
        optional: true

  prettier@3.8.5:
    resolution: {integrity: sha512-zxcTTCedNGJM4R8sj/Cq/F0W/c4iE0afWBcBwMTRtw4WHYP9TWkYjdiH3npPRUYsXQCPR0hTU9yjovOu+E6EQA==}
    engines: {node: '>=14'}
    hasBin: true

  turbo@2.10.0:
    resolution: {integrity: sha512-o016H9PPtuH2deb3mh3Vci3Avfi9UYgM/RONQisY7HnloupP0IFSbFS3gFYJgFJP8nwBrByHWFQIDa8T2zIXPw==}
    hasBin: true

snapshots:

  '@turbo/darwin-64@2.10.0':
    optional: true

  '@turbo/darwin-arm64@2.10.0':
    optional: true

  '@turbo/linux-64@2.10.0':
    optional: true

  '@turbo/linux-arm64@2.10.0':
    optional: true

  '@turbo/windows-64@2.10.0':
    optional: true

  '@turbo/windows-arm64@2.10.0':
    optional: true

  prettier-plugin-tailwindcss@0.6.14(prettier@3.8.5):
    dependencies:
      prettier: 3.8.5

  prettier@3.8.5: {}

  turbo@2.10.0:
    optionalDependencies:
      '@turbo/darwin-64': 2.10.0
      '@turbo/darwin-arm64': 2.10.0
      '@turbo/linux-64': 2.10.0
      '@turbo/linux-arm64': 2.10.0
      '@turbo/windows-64': 2.10.0
      '@turbo/windows-arm64': 2.10.0
